// !$*UTF8*$!
{
	archiveVersion = 1;
	classes = {
	};
	objectVersion = 46;
	objects = {

/* Begin PBXBuildFile section */
		BB36D7791B97544300784BB6 /* hGrey.png in Resources */ = {isa = PBXBuildFile; fileRef = BB36D7781B97544300784BB6 /* hGrey.png */; };
		BB9678D41B83ACED00855708 /* AppDelegate.swift in Sources */ = {isa = PBXBuildFile; fileRef = BB9678D31B83ACED00855708 /* AppDelegate.swift */; };
		BB9678D61B83ACED00855708 /* ViewController.swift in Sources */ = {isa = PBXBuildFile; fileRef = BB9678D51B83ACED00855708 /* ViewController.swift */; };
		BB9678D91B83ACED00855708 /* Main.storyboard in Resources */ = {isa = PBXBuildFile; fileRef = BB9678D71B83ACED00855708 /* Main.storyboard */; };
		BB9678DB1B83ACED00855708 /* Images.xcassets in Resources */ = {isa = PBXBuildFile; fileRef = BB9678DA1B83ACED00855708 /* Images.xcassets */; };
		BB9678DE1B83ACED00855708 /* LaunchScreen.xib in Resources */ = {isa = PBXBuildFile; fileRef = BB9678DC1B83ACED00855708 /* LaunchScreen.xib */; };
		BB9678EA1B83ACEE00855708 /* HackeratiInterviewSwiftTests.swift in Sources */ = {isa = PBXBuildFile; fileRef = BB9678E91B83ACEE00855708 /* HackeratiInterviewSwiftTests.swift */; };
		BB9678F41B83AE8F00855708 /* DummyData.swift in Sources */ = {isa = PBXBuildFile; fileRef = BB9678F31B83AE8F00855708 /* DummyData.swift */; };
		BB9678F61B83B47900855708 /* TableViewCell.swift in Sources */ = {isa = PBXBuildFile; fileRef = BB9678F51B83B47900855708 /* TableViewCell.swift */; };
/* End PBXBuildFile section */

/* Begin PBXContainerItemProxy section */
		BB9678E41B83ACED00855708 /* PBXContainerItemProxy */ = {
			isa = PBXContainerItemProxy;
			containerPortal = BB9678C61B83ACED00855708 /* Project object */;
			proxyType = 1;
			remoteGlobalIDString = BB9678CD1B83ACED00855708;
			remoteInfo = HackeratiInterviewSwift;
		};
/* End PBXContainerItemProxy section */

/* Begin PBXFileReference section */
		BB36D7781B97544300784BB6 /* hGrey.png */ = {isa = PBXFileReference; lastKnownFileType = image.png; path = hGrey.png; sourceTree = "<group>"; };
		BB9678CE1B83ACED00855708 /* HackeratiInterviewSwift.app */ = {isa = PBXFileReference; explicitFileType = wrapper.application; includeInIndex = 0; path = HackeratiInterviewSwift.app; sourceTree = BUILT_PRODUCTS_DIR; };
		BB9678D21B83ACED00855708 /* Info.plist */ = {isa = PBXFileReference; lastKnownFileType = text.plist.xml; path = Info.plist; sourceTree = "<group>"; };
		BB9678D31B83ACED00855708 /* AppDelegate.swift */ = {isa = PBXFileReference; lastKnownFileType = sourcecode.swift; path = AppDelegate.swift; sourceTree = "<group>"; };
		BB9678D51B83ACED00855708 /* ViewController.swift */ = {isa = PBXFileReference; lastKnownFileType = sourcecode.swift; path = ViewController.swift; sourceTree = "<group>"; };
		BB9678D81B83ACED00855708 /* Base */ = {isa = PBXFileReference; lastKnownFileType = file.storyboard; name = Base; path = Base.lproj/Main.storyboard; sourceTree = "<group>"; };
		BB9678DA1B83ACED00855708 /* Images.xcassets */ = {isa = PBXFileReference; lastKnownFileType = folder.assetcatalog; path = Images.xcassets; sourceTree = "<group>"; };
		BB9678DD1B83ACED00855708 /* Base */ = {isa = PBXFileReference; lastKnownFileType = file.xib; name = Base; path = Base.lproj/LaunchScreen.xib; sourceTree = "<group>"; };
		BB9678E31B83ACED00855708 /* HackeratiInterviewSwiftTests.xctest */ = {isa = PBXFileReference; explicitFileType = wrapper.cfbundle; includeInIndex = 0; path = HackeratiInterviewSwiftTests.xctest; sourceTree = BUILT_PRODUCTS_DIR; };
		BB9678E81B83ACEE00855708 /* Info.plist */ = {isa = PBXFileReference; lastKnownFileType = text.plist.xml; path = Info.plist; sourceTree = "<group>"; };
		BB9678E91B83ACEE00855708 /* HackeratiInterviewSwiftTests.swift */ = {isa = PBXFileReference; lastKnownFileType = sourcecode.swift; path = HackeratiInterviewSwiftTests.swift; sourceTree = "<group>"; };
		BB9678F31B83AE8F00855708 /* DummyData.swift */ = {isa = PBXFileReference; fileEncoding = 4; lastKnownFileType = sourcecode.swift; path = DummyData.swift; sourceTree = "<group>"; };
		BB9678F51B83B47900855708 /* TableViewCell.swift */ = {isa = PBXFileReference; fileEncoding = 4; lastKnownFileType = sourcecode.swift; path = TableViewCell.swift; sourceTree = "<group>"; };
/* End PBXFileReference section */

/* Begin PBXFrameworksBuildPhase section */
		BB9678CB1B83ACED00855708 /* Frameworks */ = {
			isa = PBXFrameworksBuildPhase;
			buildActionMask = 2147483647;
			files = (
			);
			runOnlyForDeploymentPostprocessing = 0;
		};
		BB9678E01B83ACED00855708 /* Frameworks */ = {
			isa = PBXFrameworksBuildPhase;
			buildActionMask = 2147483647;
			files = (
			);
			runOnlyForDeploymentPostprocessing = 0;
		};
/* End PBXFrameworksBuildPhase section */

/* Begin PBXGroup section */
		BB9678C51B83ACED00855708 = {
			isa = PBXGroup;
			children = (
				BB9678D01B83ACED00855708 /* HackeratiInterviewSwift */,
				BB9678E61B83ACED00855708 /* HackeratiInterviewSwiftTests */,
				BB9678CF1B83ACED00855708 /* Products */,
			);
			sourceTree = "<group>";
		};
		BB9678CF1B83ACED00855708 /* Products */ = {
			isa = PBXGroup;
			children = (
				BB9678CE1B83ACED00855708 /* HackeratiInterviewSwift.app */,
				BB9678E31B83ACED00855708 /* HackeratiInterviewSwiftTests.xctest */,
			);
			name = Products;
			sourceTree = "<group>";
		};
		BB9678D01B83ACED00855708 /* HackeratiInterviewSwift */ = {
			isa = PBXGroup;
			children = (
				BB9678D31B83ACED00855708 /* AppDelegate.swift */,
				BB9678D51B83ACED00855708 /* ViewController.swift */,
				BB9678F51B83B47900855708 /* TableViewCell.swift */,
				BB9678F31B83AE8F00855708 /* DummyData.swift */,
				BB9678D71B83ACED00855708 /* Main.storyboard */,
				BB9678DA1B83ACED00855708 /* Images.xcassets */,
				BB9678DC1B83ACED00855708 /* LaunchScreen.xib */,
				BB36D7781B97544300784BB6 /* hGrey.png */,
				BB9678D11B83ACED00855708 /* Supporting Files */,
			);
			path = HackeratiInterviewSwift;
			sourceTree = "<group>";
		};
		BB9678D11B83ACED00855708 /* Supporting Files */ = {
			isa = PBXGroup;
			children = (
				BB9678D21B83ACED00855708 /* Info.plist */,
			);
			name = "Supporting Files";
			sourceTree = "<group>";
		};
		BB9678E61B83ACED00855708 /* HackeratiInterviewSwiftTests */ = {
			isa = PBXGroup;
			children = (
				BB9678E91B83ACEE00855708 /* HackeratiInterviewSwiftTests.swift */,
				BB9678E71B83ACEE00855708 /* Supporting Files */,
			);
			path = HackeratiInterviewSwiftTests;
			sourceTree = "<group>";
		};
		BB9678E71B83ACEE00855708 /* Supporting Files */ = {
			isa = PBXGroup;
			children = (
				BB9678E81B83ACEE00855708 /* Info.plist */,
			);
			name = "Supporting Files";
			sourceTree = "<group>";
		};
/* End PBXGroup section */

/* Begin PBXNativeTarget section */
		BB9678CD1B83ACED00855708 /* HackeratiInterviewSwift */ = {
			isa = PBXNativeTarget;
			buildConfigurationList = BB9678ED1B83ACEE00855708 /* Build configuration list for PBXNativeTarget "HackeratiInterviewSwift" */;
			buildPhases = (
				BB9678CA1B83ACED00855708 /* Sources */,
				BB9678CB1B83ACED00855708 /* Frameworks */,
				BB9678CC1B83ACED00855708 /* Resources */,
			);
			buildRules = (
			);
			dependencies = (
			);
			name = HackeratiInterviewSwift;
			productName = HackeratiInterviewSwift;
			productReference = BB9678CE1B83ACED00855708 /* HackeratiInterviewSwift.app */;
			productType = "com.apple.product-type.application";
		};
		BB9678E21B83ACED00855708 /* HackeratiInterviewSwiftTests */ = {
			isa = PBXNativeTarget;
			buildConfigurationList = BB9678F01B83ACEE00855708 /* Build configuration list for PBXNativeTarget "HackeratiInterviewSwiftTests" */;
			buildPhases = (
				BB9678DF1B83ACED00855708 /* Sources */,
				BB9678E01B83ACED00855708 /* Frameworks */,
				BB9678E11B83ACED00855708 /* Resources */,
			);
			buildRules = (
			);
			dependencies = (
				BB9678E51B83ACED00855708 /* PBXTargetDependency */,
			);
			name = HackeratiInterviewSwiftTests;
			productName = HackeratiInterviewSwiftTests;
			productReference = BB9678E31B83ACED00855708 /* HackeratiInterviewSwiftTests.xctest */;
			productType = "com.apple.product-type.bundle.unit-test";
		};
/* End PBXNativeTarget section */

/* Begin PBXProject section */
		BB9678C61B83ACED00855708 /* Project object */ = {
			isa = PBXProject;
			attributes = {
				LastSwiftUpdateCheck = 0700;
				LastUpgradeCheck = 0640;
				ORGANIZATIONNAME = "The Hackerati";
				TargetAttributes = {
					BB9678CD1B83ACED00855708 = {
						CreatedOnToolsVersion = 6.4;
					};
					BB9678E21B83ACED00855708 = {
						CreatedOnToolsVersion = 6.4;
						TestTargetID = BB9678CD1B83ACED00855708;
					};
				};
			};
			buildConfigurationList = BB9678C91B83ACED00855708 /* Build configuration list for PBXProject "HackeratiInterviewSwift" */;
			compatibilityVersion = "Xcode 3.2";
			developmentRegion = English;
			hasScannedForEncodings = 0;
			knownRegions = (
				en,
				Base,
			);
			mainGroup = BB9678C51B83ACED00855708;
			productRefGroup = BB9678CF1B83ACED00855708 /* Products */;
			projectDirPath = "";
			projectRoot = "";
			targets = (
				BB9678CD1B83ACED00855708 /* HackeratiInterviewSwift */,
				BB9678E21B83ACED00855708 /* HackeratiInterviewSwiftTests */,
			);
		};
/* End PBXProject section */

/* Begin PBXResourcesBuildPhase section */
		BB9678CC1B83ACED00855708 /* Resources */ = {
			isa = PBXResourcesBuildPhase;
			buildActionMask = 2147483647;
			files = (
				BB9678D91B83ACED00855708 /* Main.storyboard in Resources */,
				BB9678DE1B83ACED00855708 /* LaunchScreen.xib in Resources */,
				BB9678DB1B83ACED00855708 /* Images.xcassets in Resources */,
				BB36D7791B97544300784BB6 /* hGrey.png in Resources */,
			);
			runOnlyForDeploymentPostprocessing = 0;
		};
		BB9678E11B83ACED00855708 /* Resources */ = {
			isa = PBXResourcesBuildPhase;
			buildActionMask = 2147483647;
			files = (
			);
			runOnlyForDeploymentPostprocessing = 0;
		};
/* End PBXResourcesBuildPhase section */

/* Begin PBXSourcesBuildPhase section */
		BB9678CA1B83ACED00855708 /* Sources */ = {
			isa = PBXSourcesBuildPhase;
			buildActionMask = 2147483647;
			files = (
				BB9678F41B83AE8F00855708 /* DummyData.swift in Sources */,
				BB9678F61B83B47900855708 /* TableViewCell.swift in Sources */,
				BB9678D61B83ACED00855708 /* ViewController.swift in Sources */,
				BB9678D41B83ACED00855708 /* AppDelegate.swift in Sources */,
			);
			runOnlyForDeploymentPostprocessing = 0;
		};
		BB9678DF1B83ACED00855708 /* Sources */ = {
			isa = PBXSourcesBuildPhase;
			buildActionMask = 2147483647;
			files = (
				BB9678EA1B83ACEE00855708 /* HackeratiInterviewSwiftTests.swift in Sources */,
			);
			runOnlyForDeploymentPostprocessing = 0;
		};
/* End PBXSourcesBuildPhase section */

/* Begin PBXTargetDependency section */
		BB9678E51B83ACED00855708 /* PBXTargetDependency */ = {
			isa = PBXTargetDependency;
			target = BB9678CD1B83ACED00855708 /* HackeratiInterviewSwift */;
			targetProxy = BB9678E41B83ACED00855708 /* PBXContainerItemProxy */;
		};
/* End PBXTargetDependency section */

/* Begin PBXVariantGroup section */
		BB9678D71B83ACED00855708 /* Main.storyboard */ = {
			isa = PBXVariantGroup;
			children = (
				BB9678D81B83ACED00855708 /* Base */,
			);
			name = Main.storyboard;
			sourceTree = "<group>";
		};
		BB9678DC1B83ACED00855708 /* LaunchScreen.xib */ = {
			isa = PBXVariantGroup;
			children = (
				BB9678DD1B83ACED00855708 /* Base */,
			);
			name = LaunchScreen.xib;
			sourceTree = "<group>";
		};
/* End PBXVariantGroup section */

/* Begin XCBuildConfiguration section */
		BB9678EB1B83ACEE00855708 /* Debug */ = {
			isa = XCBuildConfiguration;
			buildSettings = {
				ALWAYS_SEARCH_USER_PATHS = NO;
				CLANG_CXX_LANGUAGE_STANDARD = "gnu++0x";
				CLANG_CXX_LIBRARY = "libc++";
				CLANG_ENABLE_MODULES = YES;
				CLANG_ENABLE_OBJC_ARC = YES;
				CLANG_WARN_BOOL_CONVERSION = YES;
				CLANG_WARN_CONSTANT_CONVERSION = YES;
				CLANG_WARN_DIRECT_OBJC_ISA_USAGE = YES_ERROR;
				CLANG_WARN_EMPTY_BODY = YES;
				CLANG_WARN_ENUM_CONVERSION = YES;
				CLANG_WARN_INT_CONVERSION = YES;
				CLANG_WARN_OBJC_ROOT_CLASS = YES_ERROR;
				CLANG_WARN_UNREACHABLE_CODE = YES;
				CLANG_WARN__DUPLICATE_METHOD_MATCH = YES;
				"CODE_SIGN_IDENTITY[sdk=iphoneos*]" = "iPhone Developer";
				COPY_PHASE_STRIP = NO;
				DEBUG_INFORMATION_FORMAT = "dwarf-with-dsym";
				ENABLE_STRICT_OBJC_MSGSEND = YES;
				GCC_C_LANGUAGE_STANDARD = gnu99;
				GCC_DYNAMIC_NO_PIC = NO;
				GCC_NO_COMMON_BLOCKS = YES;
				GCC_OPTIMIZATION_LEVEL = 0;
				GCC_PREPROCESSOR_DEFINITIONS = (
					"DEBUG=1",
					"$(inherited)",
				);
				GCC_SYMBOLS_PRIVATE_EXTERN = NO;
				GCC_WARN_64_TO_32_BIT_CONVERSION = YES;
				GCC_WARN_ABOUT_RETURN_TYPE = YES_ERROR;
				GCC_WARN_UNDECLARED_SELECTOR = YES;
				GCC_WARN_UNINITIALIZED_AUTOS = YES_AGGRESSIVE;
				GCC_WARN_UNUSED_FUNCTION = YES;
				GCC_WARN_UNUSED_VARIABLE = YES;
				IPHONEOS_DEPLOYMENT_TARGET = 8.4;
				MTL_ENABLE_DEBUG_INFO = YES;
				ONLY_ACTIVE_ARCH = YES;
				SDKROOT = iphoneos;
				SWIFT_OPTIMIZATION_LEVEL = "-Onone";
				TARGETED_DEVICE_FAMILY = "1,2";
			};
			name = Debug;
		};
		BB9678EC1B83ACEE00855708 /* Release */ = {
			isa = XCBuildConfiguration;
			buildSettings = {
				ALWAYS_SEARCH_USER_PATHS = NO;
				CLANG_CXX_LANGUAGE_STANDARD = "gnu++0x";
				CLANG_CXX_LIBRARY = "libc++";
				CLANG_ENABLE_MODULES = YES;
				CLANG_ENABLE_OBJC_ARC = YES;
				CLANG_WARN_BOOL_CONVERSION = YES;
				CLANG_WARN_CONSTANT_CONVERSION = YES;
				CLANG_WARN_DIRECT_OBJC_ISA_USAGE = YES_ERROR;
				CLANG_WARN_EMPTY_BODY = YES;
				CLANG_WARN_ENUM_CONVERSION = YES;
				CLANG_WARN_INT_CONVERSION = YES;
				CLANG_WARN_OBJC_ROOT_CLASS = YES_ERROR;
				CLANG_WARN_UNREACHABLE_CODE = YES;
				CLANG_WARN__DUPLICATE_METHOD_MATCH = YES;
				"CODE_SIGN_IDENTITY[sdk=iphoneos*]" = "iPhone Developer";
				COPY_PHASE_STRIP = NO;
				DEBUG_INFORMATION_FORMAT = "dwarf-with-dsym";
				ENABLE_NS_ASSERTIONS = NO;
				ENABLE_STRICT_OBJC_MSGSEND = YES;
				GCC_C_LANGUAGE_STANDARD = gnu99;
				GCC_NO_COMMON_BLOCKS = YES;
				GCC_WARN_64_TO_32_BIT_CONVERSION = YES;
				GCC_WARN_ABOUT_RETURN_TYPE = YES_ERROR;
				GCC_WARN_UNDECLARED_SELECTOR = YES;
				GCC_WARN_UNINITIALIZED_AUTOS = YES_AGGRESSIVE;
				GCC_WARN_UNUSED_FUNCTION = YES;
				GCC_WARN_UNUSED_VARIABLE = YES;
				IPHONEOS_DEPLOYMENT_TARGET = 8.4;
				MTL_ENABLE_DEBUG_INFO = NO;
				SDKROOT = iphoneos;
				TARGETED_DEVICE_FAMILY = "1,2";
				VALIDATE_PRODUCT = YES;
			};
			name = Release;
		};
		BB9678EE1B83ACEE00855708 /* Debug */ = {
			isa = XCBuildConfiguration;
			buildSettings = {
				ASSETCATALOG_COMPILER_APPICON_NAME = AppIcon;
				INFOPLIST_FILE = HackeratiInterviewSwift/Info.plist;
				LD_RUNPATH_SEARCH_PATHS = "$(inherited) @executable_path/Frameworks";
				PRODUCT_NAME = "$(TARGET_NAME)";
			};
			name = Debug;
		};
		BB9678EF1B83ACEE00855708 /* Release */ = {
			isa = XCBuildConfiguration;
			buildSettings = {
				ASSETCATALOG_COMPILER_APPICON_NAME = AppIcon;
				INFOPLIST_FILE = HackeratiInterviewSwift/Info.plist;
				LD_RUNPATH_SEARCH_PATHS = "$(inherited) @executable_path/Frameworks";
				PRODUCT_NAME = "$(TARGET_NAME)";
			};
			name = Release;
		};
		BB9678F11B83ACEE00855708 /* Debug */ = {
			isa = XCBuildConfiguration;
			buildSettings = {
				BUNDLE_LOADER = "$(TEST_HOST)";
				FRAMEWORK_SEARCH_PATHS = (
					"$(SDKROOT)/Developer/Library/Frameworks",
					"$(inherited)",
				);
				GCC_PREPROCESSOR_DEFINITIONS = (
					"DEBUG=1",
					"$(inherited)",
				);
				INFOPLIST_FILE = HackeratiInterviewSwiftTests/Info.plist;
				LD_RUNPATH_SEARCH_PATHS = "$(inherited) @executable_path/Frameworks @loader_path/Frameworks";
				PRODUCT_NAME = "$(TARGET_NAME)";
				TEST_HOST = "$(BUILT_PRODUCTS_DIR)/HackeratiInterviewSwift.app/HackeratiInterviewSwift";
			};
			name = Debug;
		};
		BB9678F21B83ACEE00855708 /* Release */ = {
			isa = XCBuildConfiguration;
			buildSettings = {
				BUNDLE_LOADER = "$(TEST_HOST)";
				FRAMEWORK_SEARCH_PATHS = (
					"$(SDKROOT)/Developer/Library/Frameworks",
					"$(inherited)",
				);
				INFOPLIST_FILE = HackeratiInterviewSwiftTests/Info.plist;
				LD_RUNPATH_SEARCH_PATHS = "$(inherited) @executable_path/Frameworks @loader_path/Frameworks";
				PRODUCT_NAME = "$(TARGET_NAME)";
				TEST_HOST = "$(BUILT_PRODUCTS_DIR)/HackeratiInterviewSwift.app/HackeratiInterviewSwift";
			};
			name = Release;
		};
/* End XCBuildConfiguration section */

/* Begin XCConfigurationList section */
		BB9678C91B83ACED00855708 /* Build configuration list for PBXProject "HackeratiInterviewSwift" */ = {
			isa = XCConfigurationList;
			buildConfigurations = (
				BB9678EB1B83ACEE00855708 /* Debug */,
				BB9678EC1B83ACEE00855708 /* Release */,
			);
			defaultConfigurationIsVisible = 0;
			defaultConfigurationName = Release;
		};
		BB9678ED1B83ACEE00855708 /* Build configuration list for PBXNativeTarget "HackeratiInterviewSwift" */ = {
			isa = XCConfigurationList;
			buildConfigurations = (
				BB9678EE1B83ACEE00855708 /* Debug */,
				BB9678EF1B83ACEE00855708 /* Release */,
			);
			defaultConfigurationIsVisible = 0;
			defaultConfigurationName = Release;
		};
		BB9678F01B83ACEE00855708 /* Build configuration list for PBXNativeTarget "HackeratiInterviewSwiftTests" */ = {
			isa = XCConfigurationList;
			buildConfigurations = (
				BB9678F11B83ACEE00855708 /* Debug */,
				BB9678F21B83ACEE00855708 /* Release */,
			);
			defaultConfigurationIsVisible = 0;
			defaultConfigurationName = Release;
		};
/* End XCConfigurationList section */
	};
	rootObject = BB9678C61B83ACED00855708 /* Project object */;
}
